
Microsoft Visual Studio Solution File, Format Version 11.00
# Visual Studio 2010
Project("{8BC9CEB8-8B4A-11D0-8D11-00A0C91BC942}") = "sina_encrypt", "sina_encrypt\sina_encrypt.vcxproj", "{5A7200A1-29E1-4D9A-991F-6F8DDFD17A09}"
EndProject
Project("{8BC9CEB8-8B4A-11D0-8D11-00A0C91BC942}") = "test", "test\test.vcxproj", "{523FE775-563C-4D42-8920-9E45C9CA37C9}"
EndProject
Project("{8BC9CEB8-8B4A-11D0-8D11-00A0C91BC942}") = "qq_encrypt", "qq_encrypt\qq_encrypt.vcxproj", "{49BF550D-F6DC-4A67-ABB7-C078AE1D3F2F}"
EndProject
Global
	GlobalSection(SolutionConfigurationPlatforms) = preSolution
		Debug|Win32 = Debug|Win32
		Release|Win32 = Release|Win32
	EndGlobalSection
	GlobalSection(ProjectConfigurationPlatforms) = postSolution
		{5A7200A1-29E1-4D9A-991F-6F8DDFD17A09}.Debug|Win32.ActiveCfg = Debug|Win32
		{5A7200A1-29E1-4D9A-991F-6F8DDFD17A09}.Debug|Win32.Build.0 = Debug|Win32
		{5A7200A1-29E1-4D9A-991F-6F8DDFD17A09}.Release|Win32.ActiveCfg = Release|Win32
		{5A7200A1-29E1-4D9A-991F-6F8DDFD17A09}.Release|Win32.Build.0 = Release|Win32
		{523FE775-563C-4D42-8920-9E45C9CA37C9}.Debug|Win32.ActiveCfg = Debug|Win32
		{523FE775-563C-4D42-8920-9E45C9CA37C9}.Debug|Win32.Build.0 = Debug|Win32
		{523FE775-563C-4D42-8920-9E45C9CA37C9}.Release|Win32.ActiveCfg = Release|Win32
		{523FE775-563C-4D42-8920-9E45C9CA37C9}.Release|Win32.Build.0 = Release|Win32
		{49BF550D-F6DC-4A67-ABB7-C078AE1D3F2F}.Debug|Win32.ActiveCfg = Debug|Win32
		{49BF550D-F6DC-4A67-ABB7-C078AE1D3F2F}.Debug|Win32.Build.0 = Debug|Win32
		{49BF550D-F6DC-4A67-ABB7-C078AE1D3F2F}.Release|Win32.ActiveCfg = Release|Win32
		{49BF550D-F6DC-4A67-ABB7-C078AE1D3F2F}.Release|Win32.Build.0 = Release|Win32
	EndGlobalSection
	GlobalSection(SolutionProperties) = preSolution
		HideSolutionNode = FALSE
	EndGlobalSection
EndGlobal
